// !$*UTF8*$!
{
	archiveVersion = 1;
	classes = {
	};
	objectVersion = 52;
	objects = {

/* Begin PBXBuildFile section */
		11097B5D272604F800219C85 /* Utils.swift in Sources */ = {isa = PBXBuildFile; fileRef = 11097B5C272604F800219C85 /* Utils.swift */; };
		111ADF4B27242CD100C2C91D /* iOSIntPackage in Frameworks */ = {isa = PBXBuildFile; productRef = 111ADF4A27242CD100C2C91D /* iOSIntPackage */; };
		1121494727B0324900BCF0A7 /* NetworkService.swift in Sources */ = {isa = PBXBuildFile; fileRef = 1121494627B0324900BCF0A7 /* NetworkService.swift */; };
		112A120B26A6156D005F46A6 /* AppDelegate.swift in Sources */ = {isa = PBXBuildFile; fileRef = 112A120A26A6156D005F46A6 /* AppDelegate.swift */; };
		112A120D26A6156D005F46A6 /* SceneDelegate.swift in Sources */ = {isa = PBXBuildFile; fileRef = 112A120C26A6156D005F46A6 /* SceneDelegate.swift */; };
		112A120F26A6156D005F46A6 /* ViewController.swift in Sources */ = {isa = PBXBuildFile; fileRef = 112A120E26A6156D005F46A6 /* ViewController.swift */; };
		112A121426A6156F005F46A6 /* Assets.xcassets in Resources */ = {isa = PBXBuildFile; fileRef = 112A121326A6156F005F46A6 /* Assets.xcassets */; };
		112A121726A6156F005F46A6 /* LaunchScreen.storyboard in Resources */ = {isa = PBXBuildFile; fileRef = 112A121526A6156F005F46A6 /* LaunchScreen.storyboard */; };
		112A123126A758E3005F46A6 /* FeedViewController.swift in Sources */ = {isa = PBXBuildFile; fileRef = 112A123026A758E3005F46A6 /* FeedViewController.swift */; };
		112A123326A758FD005F46A6 /* ProfileViewController.swift in Sources */ = {isa = PBXBuildFile; fileRef = 112A123226A758FD005F46A6 /* ProfileViewController.swift */; };
		112A123526A75B36005F46A6 /* PostViewController.swift in Sources */ = {isa = PBXBuildFile; fileRef = 112A123426A75B36005F46A6 /* PostViewController.swift */; };
		112A123726A7666C005F46A6 /* Post.swift in Sources */ = {isa = PBXBuildFile; fileRef = 112A123626A7666C005F46A6 /* Post.swift */; };
		112A123926A76A48005F46A6 /* InfoViewController.swift in Sources */ = {isa = PBXBuildFile; fileRef = 112A123826A76A48005F46A6 /* InfoViewController.swift */; };
		112A124626AD9750005F46A6 /* ProfileHeaderView.swift in Sources */ = {isa = PBXBuildFile; fileRef = 112A124526AD9750005F46A6 /* ProfileHeaderView.swift */; };
		11318A4726C7B7A5002AAE20 /* PhotosCollectionViewCell.swift in Sources */ = {isa = PBXBuildFile; fileRef = 11318A4626C7B7A5002AAE20 /* PhotosCollectionViewCell.swift */; };
		113AE87F26B5E3B60037E715 /* LogInViewController.swift in Sources */ = {isa = PBXBuildFile; fileRef = 113AE87E26B5E3B60037E715 /* LogInViewController.swift */; };
		114B65A226BB2F0D004E8F8C /* PostTableViewCell.swift in Sources */ = {isa = PBXBuildFile; fileRef = 114B65A126BB2F0D004E8F8C /* PostTableViewCell.swift */; };
		1151E50D278877ED00DA0BB3 /* FeedViewModel.swift in Sources */ = {isa = PBXBuildFile; fileRef = 1151E50C278877EC00DA0BB3 /* FeedViewModel.swift */; };
		1158E0F327BD674B003D4AFB /* LoginViewModel.swift in Sources */ = {isa = PBXBuildFile; fileRef = 1158E0F227BD674B003D4AFB /* LoginViewModel.swift */; };
		117233EB27B7E5C000C6E835 /* InfoTableViewCell.swift in Sources */ = {isa = PBXBuildFile; fileRef = 117233EA27B7E5C000C6E835 /* InfoTableViewCell.swift */; };
		1191A47B27C00986005AA608 /* GoogleService-Info.plist in Resources */ = {isa = PBXBuildFile; fileRef = 1191A47A27C00986005AA608 /* GoogleService-Info.plist */; };
		1191A48127C2E6E8005AA608 /* FirebaseAuth in Frameworks */ = {isa = PBXBuildFile; productRef = 1191A48027C2E6E8005AA608 /* FirebaseAuth */; };
		1191A48327C2E6E8005AA608 /* FirebaseDatabase in Frameworks */ = {isa = PBXBuildFile; productRef = 1191A48227C2E6E8005AA608 /* FirebaseDatabase */; };
		119D85E226BFCDED00227F53 /* PhotosTableViewCell.swift in Sources */ = {isa = PBXBuildFile; fileRef = 119D85E126BFCDED00227F53 /* PhotosTableViewCell.swift */; };
		119D85E626BFCE9700227F53 /* PhotosViewController.swift in Sources */ = {isa = PBXBuildFile; fileRef = 119D85E526BFCE9700227F53 /* PhotosViewController.swift */; };
		119D85E826C050EF00227F53 /* Photos.swift in Sources */ = {isa = PBXBuildFile; fileRef = 119D85E726C050EF00227F53 /* Photos.swift */; };
		11BF0A2F27EF038F0036DE6D /* InfoViewModel.swift in Sources */ = {isa = PBXBuildFile; fileRef = 11BF0A2E27EF038F0036DE6D /* InfoViewModel.swift */; };
		11BF0A3727F046800036DE6D /* Realm in Frameworks */ = {isa = PBXBuildFile; productRef = 11BF0A3627F046800036DE6D /* Realm */; };
		11BF0A3927F046800036DE6D /* RealmSwift in Frameworks */ = {isa = PBXBuildFile; productRef = 11BF0A3827F046800036DE6D /* RealmSwift */; };
		11BF0A3B27F0A0500036DE6D /* DataProvider.swift in Sources */ = {isa = PBXBuildFile; fileRef = 11BF0A3A27F0A04F0036DE6D /* DataProvider.swift */; };
		11BF0A3E27F0A0770036DE6D /* User.swift in Sources */ = {isa = PBXBuildFile; fileRef = 11BF0A3D27F0A0770036DE6D /* User.swift */; };
		11BF0A4027F0A0920036DE6D /* SimpleDateProvider.swift in Sources */ = {isa = PBXBuildFile; fileRef = 11BF0A3F27F0A0920036DE6D /* SimpleDateProvider.swift */; };
		11BF0A4227F0A0A70036DE6D /* RealmDataProvider.swift in Sources */ = {isa = PBXBuildFile; fileRef = 11BF0A4127F0A0A70036DE6D /* RealmDataProvider.swift */; };
		11EC8B1227F4DAFD0001B6FD /* FavoriteViewController.swift in Sources */ = {isa = PBXBuildFile; fileRef = 11EC8B1127F4DAFD0001B6FD /* FavoriteViewController.swift */; };
		11EC8B1627F585ED0001B6FD /* DataBaseModel.xcdatamodeld in Sources */ = {isa = PBXBuildFile; fileRef = 11EC8B1427F585EC0001B6FD /* DataBaseModel.xcdatamodeld */; };
		11EC8B1B27F58BAF0001B6FD /* DataBaseManager.swift in Sources */ = {isa = PBXBuildFile; fileRef = 11EC8B1A27F58BAF0001B6FD /* DataBaseManager.swift */; };
		11FD6E8827497E9A002D92F5 /* MagicButton.swift in Sources */ = {isa = PBXBuildFile; fileRef = 11FD6E8727497E9A002D92F5 /* MagicButton.swift */; };
		BEED2259CA58CA32809294BD /* Pods_Navigation.framework in Frameworks */ = {isa = PBXBuildFile; fileRef = F8763F3D38D66626839728B7 /* Pods_Navigation.framework */; };
/* End PBXBuildFile section */

/* Begin PBXFileReference section */
		11097B5C272604F800219C85 /* Utils.swift */ = {isa = PBXFileReference; lastKnownFileType = sourcecode.swift; path = Utils.swift; sourceTree = "<group>"; };
		1121494627B0324900BCF0A7 /* NetworkService.swift */ = {isa = PBXFileReference; lastKnownFileType = sourcecode.swift; path = NetworkService.swift; sourceTree = "<group>"; };
		112A120726A6156D005F46A6 /* Navigation.app */ = {isa = PBXFileReference; explicitFileType = wrapper.application; includeInIndex = 0; path = Navigation.app; sourceTree = BUILT_PRODUCTS_DIR; };
		112A120A26A6156D005F46A6 /* AppDelegate.swift */ = {isa = PBXFileReference; lastKnownFileType = sourcecode.swift; path = AppDelegate.swift; sourceTree = "<group>"; };
		112A120C26A6156D005F46A6 /* SceneDelegate.swift */ = {isa = PBXFileReference; lastKnownFileType = sourcecode.swift; path = SceneDelegate.swift; sourceTree = "<group>"; };
		112A120E26A6156D005F46A6 /* ViewController.swift */ = {isa = PBXFileReference; lastKnownFileType = sourcecode.swift; path = ViewController.swift; sourceTree = "<group>"; };
		112A121326A6156F005F46A6 /* Assets.xcassets */ = {isa = PBXFileReference; lastKnownFileType = folder.assetcatalog; path = Assets.xcassets; sourceTree = "<group>"; };
		112A121626A6156F005F46A6 /* Base */ = {isa = PBXFileReference; lastKnownFileType = file.storyboard; name = Base; path = Base.lproj/LaunchScreen.storyboard; sourceTree = "<group>"; };
		112A121826A6156F005F46A6 /* Info.plist */ = {isa = PBXFileReference; lastKnownFileType = text.plist.xml; path = Info.plist; sourceTree = "<group>"; };
		112A123026A758E3005F46A6 /* FeedViewController.swift */ = {isa = PBXFileReference; lastKnownFileType = sourcecode.swift; path = FeedViewController.swift; sourceTree = "<group>"; };
		112A123226A758FD005F46A6 /* ProfileViewController.swift */ = {isa = PBXFileReference; lastKnownFileType = sourcecode.swift; path = ProfileViewController.swift; sourceTree = "<group>"; };
		112A123426A75B36005F46A6 /* PostViewController.swift */ = {isa = PBXFileReference; lastKnownFileType = sourcecode.swift; path = PostViewController.swift; sourceTree = "<group>"; };
		112A123626A7666C005F46A6 /* Post.swift */ = {isa = PBXFileReference; lastKnownFileType = sourcecode.swift; path = Post.swift; sourceTree = "<group>"; };
		112A123826A76A48005F46A6 /* InfoViewController.swift */ = {isa = PBXFileReference; lastKnownFileType = sourcecode.swift; path = InfoViewController.swift; sourceTree = "<group>"; };
		112A124526AD9750005F46A6 /* ProfileHeaderView.swift */ = {isa = PBXFileReference; lastKnownFileType = sourcecode.swift; path = ProfileHeaderView.swift; sourceTree = "<group>"; };
		11318A4626C7B7A5002AAE20 /* PhotosCollectionViewCell.swift */ = {isa = PBXFileReference; lastKnownFileType = sourcecode.swift; path = PhotosCollectionViewCell.swift; sourceTree = "<group>"; };
		113AE87E26B5E3B60037E715 /* LogInViewController.swift */ = {isa = PBXFileReference; lastKnownFileType = sourcecode.swift; path = LogInViewController.swift; sourceTree = "<group>"; };
		114B65A126BB2F0D004E8F8C /* PostTableViewCell.swift */ = {isa = PBXFileReference; lastKnownFileType = sourcecode.swift; path = PostTableViewCell.swift; sourceTree = "<group>"; };
		1151E50C278877EC00DA0BB3 /* FeedViewModel.swift */ = {isa = PBXFileReference; lastKnownFileType = sourcecode.swift; path = FeedViewModel.swift; sourceTree = "<group>"; };
		1158E0F227BD674B003D4AFB /* LoginViewModel.swift */ = {isa = PBXFileReference; lastKnownFileType = sourcecode.swift; path = LoginViewModel.swift; sourceTree = "<group>"; };
		117233EA27B7E5C000C6E835 /* InfoTableViewCell.swift */ = {isa = PBXFileReference; lastKnownFileType = sourcecode.swift; path = InfoTableViewCell.swift; sourceTree = "<group>"; };
		1191A47A27C00986005AA608 /* GoogleService-Info.plist */ = {isa = PBXFileReference; fileEncoding = 4; lastKnownFileType = text.plist.xml; path = "GoogleService-Info.plist"; sourceTree = "<group>"; };
		119D85E126BFCDED00227F53 /* PhotosTableViewCell.swift */ = {isa = PBXFileReference; lastKnownFileType = sourcecode.swift; path = PhotosTableViewCell.swift; sourceTree = "<group>"; };
		119D85E526BFCE9700227F53 /* PhotosViewController.swift */ = {isa = PBXFileReference; lastKnownFileType = sourcecode.swift; path = PhotosViewController.swift; sourceTree = "<group>"; };
		119D85E726C050EF00227F53 /* Photos.swift */ = {isa = PBXFileReference; lastKnownFileType = sourcecode.swift; path = Photos.swift; sourceTree = "<group>"; };
		11BF0A2E27EF038F0036DE6D /* InfoViewModel.swift */ = {isa = PBXFileReference; lastKnownFileType = sourcecode.swift; path = InfoViewModel.swift; sourceTree = "<group>"; };
		11BF0A3A27F0A04F0036DE6D /* DataProvider.swift */ = {isa = PBXFileReference; lastKnownFileType = sourcecode.swift; path = DataProvider.swift; sourceTree = "<group>"; };
		11BF0A3D27F0A0770036DE6D /* User.swift */ = {isa = PBXFileReference; lastKnownFileType = sourcecode.swift; path = User.swift; sourceTree = "<group>"; };
		11BF0A3F27F0A0920036DE6D /* SimpleDateProvider.swift */ = {isa = PBXFileReference; lastKnownFileType = sourcecode.swift; path = SimpleDateProvider.swift; sourceTree = "<group>"; };
		11BF0A4127F0A0A70036DE6D /* RealmDataProvider.swift */ = {isa = PBXFileReference; lastKnownFileType = sourcecode.swift; path = RealmDataProvider.swift; sourceTree = "<group>"; };
		11EC8B1127F4DAFD0001B6FD /* FavoriteViewController.swift */ = {isa = PBXFileReference; lastKnownFileType = sourcecode.swift; path = FavoriteViewController.swift; sourceTree = "<group>"; };
		11EC8B1527F585ED0001B6FD /* DataBaseModel.xcdatamodel */ = {isa = PBXFileReference; lastKnownFileType = wrapper.xcdatamodel; path = DataBaseModel.xcdatamodel; sourceTree = "<group>"; };
		11EC8B1A27F58BAF0001B6FD /* DataBaseManager.swift */ = {isa = PBXFileReference; lastKnownFileType = sourcecode.swift; path = DataBaseManager.swift; sourceTree = "<group>"; };
		11FD6E8727497E9A002D92F5 /* MagicButton.swift */ = {isa = PBXFileReference; lastKnownFileType = sourcecode.swift; path = MagicButton.swift; sourceTree = "<group>"; };
		856AA217C2E54C5A1BE62752 /* Pods-Navigation.debug.xcconfig */ = {isa = PBXFileReference; includeInIndex = 1; lastKnownFileType = text.xcconfig; name = "Pods-Navigation.debug.xcconfig"; path = "Target Support Files/Pods-Navigation/Pods-Navigation.debug.xcconfig"; sourceTree = "<group>"; };
		A80F44DB7F757A04F9D16D4C /* Pods-Navigation.release.xcconfig */ = {isa = PBXFileReference; includeInIndex = 1; lastKnownFileType = text.xcconfig; name = "Pods-Navigation.release.xcconfig"; path = "Target Support Files/Pods-Navigation/Pods-Navigation.release.xcconfig"; sourceTree = "<group>"; };
		F8763F3D38D66626839728B7 /* Pods_Navigation.framework */ = {isa = PBXFileReference; explicitFileType = wrapper.framework; includeInIndex = 0; path = Pods_Navigation.framework; sourceTree = BUILT_PRODUCTS_DIR; };
/* End PBXFileReference section */

/* Begin PBXFrameworksBuildPhase section */
		112A120426A6156D005F46A6 /* Frameworks */ = {
			isa = PBXFrameworksBuildPhase;
			buildActionMask = 2147483647;
			files = (
				11BF0A3927F046800036DE6D /* RealmSwift in Frameworks */,
				BEED2259CA58CA32809294BD /* Pods_Navigation.framework in Frameworks */,
				1191A48127C2E6E8005AA608 /* FirebaseAuth in Frameworks */,
				1191A48327C2E6E8005AA608 /* FirebaseDatabase in Frameworks */,
				111ADF4B27242CD100C2C91D /* iOSIntPackage in Frameworks */,
				11BF0A3727F046800036DE6D /* Realm in Frameworks */,
			);
			runOnlyForDeploymentPostprocessing = 0;
		};
/* End PBXFrameworksBuildPhase section */

/* Begin PBXGroup section */
		112A11FE26A6156D005F46A6 = {
			isa = PBXGroup;
			children = (
				112A120926A6156D005F46A6 /* Navigation */,
				112A120826A6156D005F46A6 /* Products */,
				7E9CB33AC0C121CFBD52EF6B /* Pods */,
				EA88FDFC834024770C41DD26 /* Frameworks */,
			);
			sourceTree = "<group>";
		};
		112A120826A6156D005F46A6 /* Products */ = {
			isa = PBXGroup;
			children = (
				112A120726A6156D005F46A6 /* Navigation.app */,
			);
			name = Products;
			sourceTree = "<group>";
		};
		112A120926A6156D005F46A6 /* Navigation */ = {
			isa = PBXGroup;
			children = (
				11EC8B1727F585F40001B6FD /* DataBase */,
				112A120A26A6156D005F46A6 /* AppDelegate.swift */,
				112A120C26A6156D005F46A6 /* SceneDelegate.swift */,
				11097B5C272604F800219C85 /* Utils.swift */,
				112A120E26A6156D005F46A6 /* ViewController.swift */,
				1121494627B0324900BCF0A7 /* NetworkService.swift */,
				112A121326A6156F005F46A6 /* Assets.xcassets */,
				112A121526A6156F005F46A6 /* LaunchScreen.storyboard */,
				112A121826A6156F005F46A6 /* Info.plist */,
				1191A47A27C00986005AA608 /* GoogleService-Info.plist */,
				11FD6E8927499A48002D92F5 /* Components */,
				11EC8B1327F4DB030001B6FD /* Favorite */,
				112A123A26A7837B005F46A6 /* Feed */,
				11BF0A4327F33DFC0036DE6D /* Login */,
				112A123B26A78395005F46A6 /* Profile */,
				112A123C26A783A6005F46A6 /* Post */,
				112A123D26A783AF005F46A6 /* Info */,
				119D85E426BFCE0300227F53 /* Photos */,
				11BF0A3C27F0A0590036DE6D /* DataProviders */,
			);
			path = Navigation;
			sourceTree = "<group>";
		};
		112A123A26A7837B005F46A6 /* Feed */ = {
			isa = PBXGroup;
			children = (
				112A123026A758E3005F46A6 /* FeedViewController.swift */,
				1151E50C278877EC00DA0BB3 /* FeedViewModel.swift */,
			);
			path = Feed;
			sourceTree = "<group>";
		};
		112A123B26A78395005F46A6 /* Profile */ = {
			isa = PBXGroup;
			children = (
				112A124526AD9750005F46A6 /* ProfileHeaderView.swift */,
				112A123226A758FD005F46A6 /* ProfileViewController.swift */,
			);
			path = Profile;
			sourceTree = "<group>";
		};
		112A123C26A783A6005F46A6 /* Post */ = {
			isa = PBXGroup;
			children = (
				112A123426A75B36005F46A6 /* PostViewController.swift */,
				112A123626A7666C005F46A6 /* Post.swift */,
				114B65A126BB2F0D004E8F8C /* PostTableViewCell.swift */,
			);
			path = Post;
			sourceTree = "<group>";
		};
		112A123D26A783AF005F46A6 /* Info */ = {
			isa = PBXGroup;
			children = (
				112A123826A76A48005F46A6 /* InfoViewController.swift */,
				117233EA27B7E5C000C6E835 /* InfoTableViewCell.swift */,
				11BF0A2E27EF038F0036DE6D /* InfoViewModel.swift */,
			);
			path = Info;
			sourceTree = "<group>";
		};
		119D85E426BFCE0300227F53 /* Photos */ = {
			isa = PBXGroup;
			children = (
				119D85E126BFCDED00227F53 /* PhotosTableViewCell.swift */,
				119D85E526BFCE9700227F53 /* PhotosViewController.swift */,
				11318A4626C7B7A5002AAE20 /* PhotosCollectionViewCell.swift */,
				119D85E726C050EF00227F53 /* Photos.swift */,
			);
			path = Photos;
			sourceTree = "<group>";
		};
		11BF0A3C27F0A0590036DE6D /* DataProviders */ = {
			isa = PBXGroup;
			children = (
				11BF0A3A27F0A04F0036DE6D /* DataProvider.swift */,
				11BF0A3F27F0A0920036DE6D /* SimpleDateProvider.swift */,
				11BF0A3D27F0A0770036DE6D /* User.swift */,
				11BF0A4127F0A0A70036DE6D /* RealmDataProvider.swift */,
			);
			path = DataProviders;
			sourceTree = "<group>";
		};
		11BF0A4327F33DFC0036DE6D /* Login */ = {
			isa = PBXGroup;
			children = (
				113AE87E26B5E3B60037E715 /* LogInViewController.swift */,
				1158E0F227BD674B003D4AFB /* LoginViewModel.swift */,
			);
			path = Login;
			sourceTree = "<group>";
		};
		11EC8B1327F4DB030001B6FD /* Favorite */ = {
			isa = PBXGroup;
			children = (
				11EC8B1127F4DAFD0001B6FD /* FavoriteViewController.swift */,
			);
			path = Favorite;
			sourceTree = "<group>";
		};
		11EC8B1727F585F40001B6FD /* DataBase */ = {
			isa = PBXGroup;
			children = (
				11EC8B1427F585EC0001B6FD /* DataBaseModel.xcdatamodeld */,
				11EC8B1A27F58BAF0001B6FD /* DataBaseManager.swift */,
			);
			path = DataBase;
			sourceTree = "<group>";
		};
		11FD6E8927499A48002D92F5 /* Components */ = {
			isa = PBXGroup;
			children = (
				11FD6E8727497E9A002D92F5 /* MagicButton.swift */,
			);
			path = Components;
			sourceTree = "<group>";
		};
		7E9CB33AC0C121CFBD52EF6B /* Pods */ = {
			isa = PBXGroup;
			children = (
				856AA217C2E54C5A1BE62752 /* Pods-Navigation.debug.xcconfig */,
				A80F44DB7F757A04F9D16D4C /* Pods-Navigation.release.xcconfig */,
			);
			path = Pods;
			sourceTree = "<group>";
		};
		EA88FDFC834024770C41DD26 /* Frameworks */ = {
			isa = PBXGroup;
			children = (
				F8763F3D38D66626839728B7 /* Pods_Navigation.framework */,
			);
			name = Frameworks;
			sourceTree = "<group>";
		};
/* End PBXGroup section */

/* Begin PBXNativeTarget section */
		112A120626A6156D005F46A6 /* Navigation */ = {
			isa = PBXNativeTarget;
			buildConfigurationList = 112A121B26A6156F005F46A6 /* Build configuration list for PBXNativeTarget "Navigation" */;
			buildPhases = (
				410A1ED7661029DEEA42EDFC /* [CP] Check Pods Manifest.lock */,
				112A120326A6156D005F46A6 /* Sources */,
				112A120426A6156D005F46A6 /* Frameworks */,
				112A120526A6156D005F46A6 /* Resources */,
				EC1BD6C40C05BA51D6EBAC64 /* [CP] Embed Pods Frameworks */,
			);
			buildRules = (
			);
			dependencies = (
			);
			name = Navigation;
			packageProductDependencies = (
				111ADF4A27242CD100C2C91D /* iOSIntPackage */,
				1191A48027C2E6E8005AA608 /* FirebaseAuth */,
				1191A48227C2E6E8005AA608 /* FirebaseDatabase */,
				11BF0A3627F046800036DE6D /* Realm */,
				11BF0A3827F046800036DE6D /* RealmSwift */,
			);
			productName = Navigation;
			productReference = 112A120726A6156D005F46A6 /* Navigation.app */;
			productType = "com.apple.product-type.application";
		};
/* End PBXNativeTarget section */

/* Begin PBXProject section */
		112A11FF26A6156D005F46A6 /* Project object */ = {
			isa = PBXProject;
			attributes = {
				LastSwiftUpdateCheck = 1250;
				LastUpgradeCheck = 1250;
				TargetAttributes = {
					112A120626A6156D005F46A6 = {
						CreatedOnToolsVersion = 12.5.1;
					};
				};
			};
			buildConfigurationList = 112A120226A6156D005F46A6 /* Build configuration list for PBXProject "Navigation" */;
			compatibilityVersion = "Xcode 9.3";
			developmentRegion = en;
			hasScannedForEncodings = 0;
			knownRegions = (
				en,
				Base,
			);
			mainGroup = 112A11FE26A6156D005F46A6;
			packageReferences = (
				111ADF4927242CD100C2C91D /* XCRemoteSwiftPackageReference "iOSIntPackage" */,
				1191A47F27C2E6E7005AA608 /* XCRemoteSwiftPackageReference "firebase-ios-sdk" */,
				11BF0A3527F046800036DE6D /* XCRemoteSwiftPackageReference "realm-swift" */,
			);
			productRefGroup = 112A120826A6156D005F46A6 /* Products */;
			projectDirPath = "";
			projectRoot = "";
			targets = (
				112A120626A6156D005F46A6 /* Navigation */,
			);
		};
/* End PBXProject section */

/* Begin PBXResourcesBuildPhase section */
		112A120526A6156D005F46A6 /* Resources */ = {
			isa = PBXResourcesBuildPhase;
			buildActionMask = 2147483647;
			files = (
				112A121726A6156F005F46A6 /* LaunchScreen.storyboard in Resources */,
				112A121426A6156F005F46A6 /* Assets.xcassets in Resources */,
				1191A47B27C00986005AA608 /* GoogleService-Info.plist in Resources */,
			);
			runOnlyForDeploymentPostprocessing = 0;
		};
/* End PBXResourcesBuildPhase section */

/* Begin PBXShellScriptBuildPhase section */
		410A1ED7661029DEEA42EDFC /* [CP] Check Pods Manifest.lock */ = {
			isa = PBXShellScriptBuildPhase;
			buildActionMask = 2147483647;
			files = (
			);
			inputFileListPaths = (
			);
			inputPaths = (
				"${PODS_PODFILE_DIR_PATH}/Podfile.lock",
				"${PODS_ROOT}/Manifest.lock",
			);
			name = "[CP] Check Pods Manifest.lock";
			outputFileListPaths = (
			);
			outputPaths = (
				"$(DERIVED_FILE_DIR)/Pods-Navigation-checkManifestLockResult.txt",
			);
			runOnlyForDeploymentPostprocessing = 0;
			shellPath = /bin/sh;
			shellScript = "diff \"${PODS_PODFILE_DIR_PATH}/Podfile.lock\" \"${PODS_ROOT}/Manifest.lock\" > /dev/null\nif [ $? != 0 ] ; then\n    # print error to STDERR\n    echo \"error: The sandbox is not in sync with the Podfile.lock. Run 'pod install' or update your CocoaPods installation.\" >&2\n    exit 1\nfi\n# This output is used by Xcode 'outputs' to avoid re-running this script phase.\necho \"SUCCESS\" > \"${SCRIPT_OUTPUT_FILE_0}\"\n";
			showEnvVarsInLog = 0;
		};
		EC1BD6C40C05BA51D6EBAC64 /* [CP] Embed Pods Frameworks */ = {
			isa = PBXShellScriptBuildPhase;
			buildActionMask = 2147483647;
			files = (
			);
			inputFileListPaths = (
				"${PODS_ROOT}/Target Support Files/Pods-Navigation/Pods-Navigation-frameworks-${CONFIGURATION}-input-files.xcfilelist",
			);
			name = "[CP] Embed Pods Frameworks";
			outputFileListPaths = (
				"${PODS_ROOT}/Target Support Files/Pods-Navigation/Pods-Navigation-frameworks-${CONFIGURATION}-output-files.xcfilelist",
			);
			runOnlyForDeploymentPostprocessing = 0;
			shellPath = /bin/sh;
			shellScript = "\"${PODS_ROOT}/Target Support Files/Pods-Navigation/Pods-Navigation-frameworks.sh\"\n";
			showEnvVarsInLog = 0;
		};
/* End PBXShellScriptBuildPhase section */

/* Begin PBXSourcesBuildPhase section */
		112A120326A6156D005F46A6 /* Sources */ = {
			isa = PBXSourcesBuildPhase;
			buildActionMask = 2147483647;
			files = (
				11BF0A3E27F0A0770036DE6D /* User.swift in Sources */,
				1158E0F327BD674B003D4AFB /* LoginViewModel.swift in Sources */,
				119D85E226BFCDED00227F53 /* PhotosTableViewCell.swift in Sources */,
				119D85E626BFCE9700227F53 /* PhotosViewController.swift in Sources */,
				114B65A226BB2F0D004E8F8C /* PostTableViewCell.swift in Sources */,
				11FD6E8827497E9A002D92F5 /* MagicButton.swift in Sources */,
				112A123526A75B36005F46A6 /* PostViewController.swift in Sources */,
				112A120F26A6156D005F46A6 /* ViewController.swift in Sources */,
				112A120B26A6156D005F46A6 /* AppDelegate.swift in Sources */,
				119D85E826C050EF00227F53 /* Photos.swift in Sources */,
				11BF0A4027F0A0920036DE6D /* SimpleDateProvider.swift in Sources */,
				1151E50D278877ED00DA0BB3 /* FeedViewModel.swift in Sources */,
				11097B5D272604F800219C85 /* Utils.swift in Sources */,
				11EC8B1B27F58BAF0001B6FD /* DataBaseManager.swift in Sources */,
				112A123326A758FD005F46A6 /* ProfileViewController.swift in Sources */,
				11BF0A2F27EF038F0036DE6D /* InfoViewModel.swift in Sources */,
				1121494727B0324900BCF0A7 /* NetworkService.swift in Sources */,
				11EC8B1627F585ED0001B6FD /* DataBaseModel.xcdatamodeld in Sources */,
				112A123126A758E3005F46A6 /* FeedViewController.swift in Sources */,
				11BF0A3B27F0A0500036DE6D /* DataProvider.swift in Sources */,
				112A123726A7666C005F46A6 /* Post.swift in Sources */,
				112A123926A76A48005F46A6 /* InfoViewController.swift in Sources */,
				11318A4726C7B7A5002AAE20 /* PhotosCollectionViewCell.swift in Sources */,
				112A124626AD9750005F46A6 /* ProfileHeaderView.swift in Sources */,
				11EC8B1227F4DAFD0001B6FD /* FavoriteViewController.swift in Sources */,
				11BF0A4227F0A0A70036DE6D /* RealmDataProvider.swift in Sources */,
				117233EB27B7E5C000C6E835 /* InfoTableViewCell.swift in Sources */,
				113AE87F26B5E3B60037E715 /* LogInViewController.swift in Sources */,
				112A120D26A6156D005F46A6 /* SceneDelegate.swift in Sources */,
			);
			runOnlyForDeploymentPostprocessing = 0;
		};
/* End PBXSourcesBuildPhase section */

/* Begin PBXVariantGroup section */
		112A121526A6156F005F46A6 /* LaunchScreen.storyboard */ = {
			isa = PBXVariantGroup;
			children = (
				112A121626A6156F005F46A6 /* Base */,
			);
			name = LaunchScreen.storyboard;
			sourceTree = "<group>";
		};
/* End PBXVariantGroup section */

/* Begin XCBuildConfiguration section */
		112A121926A6156F005F46A6 /* Debug */ = {
			isa = XCBuildConfiguration;
			buildSettings = {
				ALWAYS_SEARCH_USER_PATHS = NO;
				CLANG_ANALYZER_NONNULL = YES;
				CLANG_ANALYZER_NUMBER_OBJECT_CONVERSION = YES_AGGRESSIVE;
				CLANG_CXX_LANGUAGE_STANDARD = "gnu++14";
				CLANG_CXX_LIBRARY = "libc++";
				CLANG_ENABLE_MODULES = YES;
				CLANG_ENABLE_OBJC_ARC = YES;
				CLANG_ENABLE_OBJC_WEAK = YES;
				CLANG_WARN_BLOCK_CAPTURE_AUTORELEASING = YES;
				CLANG_WARN_BOOL_CONVERSION = YES;
				CLANG_WARN_COMMA = YES;
				CLANG_WARN_CONSTANT_CONVERSION = YES;
				CLANG_WARN_DEPRECATED_OBJC_IMPLEMENTATIONS = YES;
				CLANG_WARN_DIRECT_OBJC_ISA_USAGE = YES_ERROR;
				CLANG_WARN_DOCUMENTATION_COMMENTS = YES;
				CLANG_WARN_EMPTY_BODY = YES;
				CLANG_WARN_ENUM_CONVERSION = YES;
				CLANG_WARN_INFINITE_RECURSION = YES;
				CLANG_WARN_INT_CONVERSION = YES;
				CLANG_WARN_NON_LITERAL_NULL_CONVERSION = YES;
				CLANG_WARN_OBJC_IMPLICIT_RETAIN_SELF = YES;
				CLANG_WARN_OBJC_LITERAL_CONVERSION = YES;
				CLANG_WARN_OBJC_ROOT_CLASS = YES_ERROR;
				CLANG_WARN_QUOTED_INCLUDE_IN_FRAMEWORK_HEADER = YES;
				CLANG_WARN_RANGE_LOOP_ANALYSIS = YES;
				CLANG_WARN_STRICT_PROTOTYPES = YES;
				CLANG_WARN_SUSPICIOUS_MOVE = YES;
				CLANG_WARN_UNGUARDED_AVAILABILITY = YES_AGGRESSIVE;
				CLANG_WARN_UNREACHABLE_CODE = YES;
				CLANG_WARN__DUPLICATE_METHOD_MATCH = YES;
				COPY_PHASE_STRIP = NO;
				DEBUG_INFORMATION_FORMAT = dwarf;
				ENABLE_STRICT_OBJC_MSGSEND = YES;
				ENABLE_TESTABILITY = YES;
				GCC_C_LANGUAGE_STANDARD = gnu11;
				GCC_DYNAMIC_NO_PIC = NO;
				GCC_NO_COMMON_BLOCKS = YES;
				GCC_OPTIMIZATION_LEVEL = 0;
				GCC_PREPROCESSOR_DEFINITIONS = (
					"DEBUG=1",
					"$(inherited)",
				);
				GCC_WARN_64_TO_32_BIT_CONVERSION = YES;
				GCC_WARN_ABOUT_RETURN_TYPE = YES_ERROR;
				GCC_WARN_UNDECLARED_SELECTOR = YES;
				GCC_WARN_UNINITIALIZED_AUTOS = YES_AGGRESSIVE;
				GCC_WARN_UNUSED_FUNCTION = YES;
				GCC_WARN_UNUSED_VARIABLE = YES;
				IPHONEOS_DEPLOYMENT_TARGET = 14.5;
				MTL_ENABLE_DEBUG_INFO = INCLUDE_SOURCE;
				MTL_FAST_MATH = YES;
				ONLY_ACTIVE_ARCH = YES;
				SDKROOT = iphoneos;
				SWIFT_ACTIVE_COMPILATION_CONDITIONS = DEBUG;
				SWIFT_OPTIMIZATION_LEVEL = "-Onone";
			};
			name = Debug;
		};
		112A121A26A6156F005F46A6 /* Release */ = {
			isa = XCBuildConfiguration;
			buildSettings = {
				ALWAYS_SEARCH_USER_PATHS = NO;
				CLANG_ANALYZER_NONNULL = YES;
				CLANG_ANALYZER_NUMBER_OBJECT_CONVERSION = YES_AGGRESSIVE;
				CLANG_CXX_LANGUAGE_STANDARD = "gnu++14";
				CLANG_CXX_LIBRARY = "libc++";
				CLANG_ENABLE_MODULES = YES;
				CLANG_ENABLE_OBJC_ARC = YES;
				CLANG_ENABLE_OBJC_WEAK = YES;
				CLANG_WARN_BLOCK_CAPTURE_AUTORELEASING = YES;
				CLANG_WARN_BOOL_CONVERSION = YES;
				CLANG_WARN_COMMA = YES;
				CLANG_WARN_CONSTANT_CONVERSION = YES;
				CLANG_WARN_DEPRECATED_OBJC_IMPLEMENTATIONS = YES;
				CLANG_WARN_DIRECT_OBJC_ISA_USAGE = YES_ERROR;
				CLANG_WARN_DOCUMENTATION_COMMENTS = YES;
				CLANG_WARN_EMPTY_BODY = YES;
				CLANG_WARN_ENUM_CONVERSION = YES;
				CLANG_WARN_INFINITE_RECURSION = YES;
				CLANG_WARN_INT_CONVERSION = YES;
				CLANG_WARN_NON_LITERAL_NULL_CONVERSION = YES;
				CLANG_WARN_OBJC_IMPLICIT_RETAIN_SELF = YES;
				CLANG_WARN_OBJC_LITERAL_CONVERSION = YES;
				CLANG_WARN_OBJC_ROOT_CLASS = YES_ERROR;
				CLANG_WARN_QUOTED_INCLUDE_IN_FRAMEWORK_HEADER = YES;
				CLANG_WARN_RANGE_LOOP_ANALYSIS = YES;
				CLANG_WARN_STRICT_PROTOTYPES = YES;
				CLANG_WARN_SUSPICIOUS_MOVE = YES;
				CLANG_WARN_UNGUARDED_AVAILABILITY = YES_AGGRESSIVE;
				CLANG_WARN_UNREACHABLE_CODE = YES;
				CLANG_WARN__DUPLICATE_METHOD_MATCH = YES;
				COPY_PHASE_STRIP = NO;
				DEBUG_INFORMATION_FORMAT = "dwarf-with-dsym";
				ENABLE_NS_ASSERTIONS = NO;
				ENABLE_STRICT_OBJC_MSGSEND = YES;
				GCC_C_LANGUAGE_STANDARD = gnu11;
				GCC_NO_COMMON_BLOCKS = YES;
				GCC_WARN_64_TO_32_BIT_CONVERSION = YES;
				GCC_WARN_ABOUT_RETURN_TYPE = YES_ERROR;
				GCC_WARN_UNDECLARED_SELECTOR = YES;
				GCC_WARN_UNINITIALIZED_AUTOS = YES_AGGRESSIVE;
				GCC_WARN_UNUSED_FUNCTION = YES;
				GCC_WARN_UNUSED_VARIABLE = YES;
				IPHONEOS_DEPLOYMENT_TARGET = 14.5;
				MTL_ENABLE_DEBUG_INFO = NO;
				MTL_FAST_MATH = YES;
				SDKROOT = iphoneos;
				SWIFT_COMPILATION_MODE = wholemodule;
				SWIFT_OPTIMIZATION_LEVEL = "-O";
				VALIDATE_PRODUCT = YES;
			};
			name = Release;
		};
		112A121C26A6156F005F46A6 /* Debug */ = {
			isa = XCBuildConfiguration;
			baseConfigurationReference = 856AA217C2E54C5A1BE62752 /* Pods-Navigation.debug.xcconfig */;
			buildSettings = {
				ASSETCATALOG_COMPILER_APPICON_NAME = AppIcon;
				ASSETCATALOG_COMPILER_GLOBAL_ACCENT_COLOR_NAME = AccentColor;
				CODE_SIGN_STYLE = Automatic;
				DEVELOPMENT_TEAM = 6KKCSVG8J3;
				INFOPLIST_FILE = Navigation/Info.plist;
				LD_RUNPATH_SEARCH_PATHS = (
					"$(inherited)",
					"@executable_path/Frameworks",
				);
				PRODUCT_BUNDLE_IDENTIFIER = com.gin.Navigation;
				PRODUCT_NAME = "$(TARGET_NAME)";
				SWIFT_VERSION = 5.0;
				TARGETED_DEVICE_FAMILY = "1,2";
			};
			name = Debug;
		};
		112A121D26A6156F005F46A6 /* Release */ = {
			isa = XCBuildConfiguration;
			baseConfigurationReference = A80F44DB7F757A04F9D16D4C /* Pods-Navigation.release.xcconfig */;
			buildSettings = {
				ASSETCATALOG_COMPILER_APPICON_NAME = AppIcon;
				ASSETCATALOG_COMPILER_GLOBAL_ACCENT_COLOR_NAME = AccentColor;
				CODE_SIGN_STYLE = Automatic;
				DEVELOPMENT_TEAM = 6KKCSVG8J3;
				INFOPLIST_FILE = Navigation/Info.plist;
				LD_RUNPATH_SEARCH_PATHS = (
					"$(inherited)",
					"@executable_path/Frameworks",
				);
				PRODUCT_BUNDLE_IDENTIFIER = com.gin.Navigation;
				PRODUCT_NAME = "$(TARGET_NAME)";
				SWIFT_VERSION = 5.0;
				TARGETED_DEVICE_FAMILY = "1,2";
			};
			name = Release;
		};
/* End XCBuildConfiguration section */

/* Begin XCConfigurationList section */
		112A120226A6156D005F46A6 /* Build configuration list for PBXProject "Navigation" */ = {
			isa = XCConfigurationList;
			buildConfigurations = (
				112A121926A6156F005F46A6 /* Debug */,
				112A121A26A6156F005F46A6 /* Release */,
			);
			defaultConfigurationIsVisible = 0;
			defaultConfigurationName = Release;
		};
		112A121B26A6156F005F46A6 /* Build configuration list for PBXNativeTarget "Navigation" */ = {
			isa = XCConfigurationList;
			buildConfigurations = (
				112A121C26A6156F005F46A6 /* Debug */,
				112A121D26A6156F005F46A6 /* Release */,
			);
			defaultConfigurationIsVisible = 0;
			defaultConfigurationName = Release;
		};
/* End XCConfigurationList section */

/* Begin XCRemoteSwiftPackageReference section */
		111ADF4927242CD100C2C91D /* XCRemoteSwiftPackageReference "iOSIntPackage" */ = {
			isa = XCRemoteSwiftPackageReference;
			repositoryURL = "https://github.com/TrueMax/iOSIntPackage.git";
			requirement = {
				kind = upToNextMajorVersion;
				minimumVersion = 3.0.0;
			};
		};
		1191A47F27C2E6E7005AA608 /* XCRemoteSwiftPackageReference "firebase-ios-sdk" */ = {
			isa = XCRemoteSwiftPackageReference;
			repositoryURL = "https://github.com/firebase/firebase-ios-sdk";
			requirement = {
				kind = upToNextMajorVersion;
				minimumVersion = 8.0.0;
			};
		};
		11BF0A3527F046800036DE6D /* XCRemoteSwiftPackageReference "realm-swift" */ = {
			isa = XCRemoteSwiftPackageReference;
			repositoryURL = "https://github.com/realm/realm-swift.git";
			requirement = {
				kind = upToNextMajorVersion;
				minimumVersion = 10.19.0;
			};
		};
/* End XCRemoteSwiftPackageReference section */

/* Begin XCSwiftPackageProductDependency section */
		111ADF4A27242CD100C2C91D /* iOSIntPackage */ = {
			isa = XCSwiftPackageProductDependency;
			package = 111ADF4927242CD100C2C91D /* XCRemoteSwiftPackageReference "iOSIntPackage" */;
			productName = iOSIntPackage;
		};
		1191A48027C2E6E8005AA608 /* FirebaseAuth */ = {
			isa = XCSwiftPackageProductDependency;
			package = 1191A47F27C2E6E7005AA608 /* XCRemoteSwiftPackageReference "firebase-ios-sdk" */;
			productName = FirebaseAuth;
		};
		1191A48227C2E6E8005AA608 /* FirebaseDatabase */ = {
			isa = XCSwiftPackageProductDependency;
			package = 1191A47F27C2E6E7005AA608 /* XCRemoteSwiftPackageReference "firebase-ios-sdk" */;
			productName = FirebaseDatabase;
		};
		11BF0A3627F046800036DE6D /* Realm */ = {
			isa = XCSwiftPackageProductDependency;
			package = 11BF0A3527F046800036DE6D /* XCRemoteSwiftPackageReference "realm-swift" */;
			productName = Realm;
		};
		11BF0A3827F046800036DE6D /* RealmSwift */ = {
			isa = XCSwiftPackageProductDependency;
			package = 11BF0A3527F046800036DE6D /* XCRemoteSwiftPackageReference "realm-swift" */;
			productName = RealmSwift;
		};
/* End XCSwiftPackageProductDependency section */

/* Begin XCVersionGroup section */
		11EC8B1427F585EC0001B6FD /* DataBaseModel.xcdatamodeld */ = {
			isa = XCVersionGroup;
			children = (
				11EC8B1527F585ED0001B6FD /* DataBaseModel.xcdatamodel */,
			);
			currentVersion = 11EC8B1527F585ED0001B6FD /* DataBaseModel.xcdatamodel */;
			path = DataBaseModel.xcdatamodeld;
			sourceTree = "<group>";
			versionGroupType = wrapper.xcdatamodel;
		};
/* End XCVersionGroup section */
	};
	rootObject = 112A11FF26A6156D005F46A6 /* Project object */;
}
